// !$*UTF8*$!
{
	archiveVersion = 1;
	classes = {
	};
	objectVersion = 46;
	objects = {

/* Begin PBXBuildFile section */
		091148141DB66854004FB5FA /* VoiceInputViewController.swift in Sources */ = {isa = PBXBuildFile; fileRef = 091148121DB66854004FB5FA /* VoiceInputViewController.swift */; };
		091148151DB66854004FB5FA /* VoiceInputViewController.xib in Resources */ = {isa = PBXBuildFile; fileRef = 091148131DB66854004FB5FA /* VoiceInputViewController.xib */; };
		091875BA1CC2218C0084F9B4 /* Information.swift in Sources */ = {isa = PBXBuildFile; fileRef = 091875B91CC2218C0084F9B4 /* Information.swift */; };
		091875BD1CC2235F0084F9B4 /* ListeningPracticeVC.swift in Sources */ = {isa = PBXBuildFile; fileRef = 091875BC1CC2235F0084F9B4 /* ListeningPracticeVC.swift */; };
		0927ED931CC0A7D7000AB5C3 /* AppDelegate.swift in Sources */ = {isa = PBXBuildFile; fileRef = 0927ED921CC0A7D7000AB5C3 /* AppDelegate.swift */; };
		0927ED951CC0A7D7000AB5C3 /* LoginViewController.swift in Sources */ = {isa = PBXBuildFile; fileRef = 0927ED941CC0A7D7000AB5C3 /* LoginViewController.swift */; };
		0927ED981CC0A7D7000AB5C3 /* Main.storyboard in Resources */ = {isa = PBXBuildFile; fileRef = 0927ED961CC0A7D7000AB5C3 /* Main.storyboard */; };
		0927ED9B1CC0A7D7000AB5C3 /* SpeakNow.xcdatamodeld in Sources */ = {isa = PBXBuildFile; fileRef = 0927ED991CC0A7D7000AB5C3 /* SpeakNow.xcdatamodeld */; };
		0927ED9D1CC0A7D7000AB5C3 /* Assets.xcassets in Resources */ = {isa = PBXBuildFile; fileRef = 0927ED9C1CC0A7D7000AB5C3 /* Assets.xcassets */; };
		0927EDA01CC0A7D7000AB5C3 /* LaunchScreen.storyboard in Resources */ = {isa = PBXBuildFile; fileRef = 0927ED9E1CC0A7D7000AB5C3 /* LaunchScreen.storyboard */; };
		0927EDAB1CC0A7D7000AB5C3 /* SpeakNowTests.swift in Sources */ = {isa = PBXBuildFile; fileRef = 0927EDAA1CC0A7D7000AB5C3 /* SpeakNowTests.swift */; };
		0927EDB61CC0A7D7000AB5C3 /* SpeakNowUITests.swift in Sources */ = {isa = PBXBuildFile; fileRef = 0927EDB51CC0A7D7000AB5C3 /* SpeakNowUITests.swift */; };
		092ECEE41D52DAFB00DB73B9 /* MessagerViewController.swift in Sources */ = {isa = PBXBuildFile; fileRef = 092ECEE31D52DAFB00DB73B9 /* MessagerViewController.swift */; };
		092ECEE61D52DCB700DB73B9 /* PreperChatViewController.swift in Sources */ = {isa = PBXBuildFile; fileRef = 092ECEE51D52DCB700DB73B9 /* PreperChatViewController.swift */; };
		0946B5071CC0E67200B69970 /* RegisterViewController.swift in Sources */ = {isa = PBXBuildFile; fileRef = 0946B5061CC0E67200B69970 /* RegisterViewController.swift */; };
		09603A931D38BBBF0083C3C6 /* ListeningViewController.swift in Sources */ = {isa = PBXBuildFile; fileRef = 09603A921D38BBBF0083C3C6 /* ListeningViewController.swift */; };
		0965D4A11CC2323C0046AD15 /* PracticeExpandCell.swift in Sources */ = {isa = PBXBuildFile; fileRef = 0965D4A01CC2323C0046AD15 /* PracticeExpandCell.swift */; };
		0965D4A31CC232840046AD15 /* PracticeExpandCell.xib in Resources */ = {isa = PBXBuildFile; fileRef = 0965D4A21CC232840046AD15 /* PracticeExpandCell.xib */; };
		0965D4A51CC242660046AD15 /* Extensions.swift in Sources */ = {isa = PBXBuildFile; fileRef = 0965D4A41CC242660046AD15 /* Extensions.swift */; };
		09852B8E1D470CFC00B0E749 /* SettingViewController.swift in Sources */ = {isa = PBXBuildFile; fileRef = 09852B8D1D470CFC00B0E749 /* SettingViewController.swift */; };
		0988DFDC1D56D2000081F678 /* iflyMSC.framework in Frameworks */ = {isa = PBXBuildFile; fileRef = 0988DFDB1D56D2000081F678 /* iflyMSC.framework */; };
		0988DFDE1D56D23D0081F678 /* libz.tbd in Frameworks */ = {isa = PBXBuildFile; fileRef = 0988DFDD1D56D23D0081F678 /* libz.tbd */; };
		0988DFE01D56D2550081F678 /* CoreTelephony.framework in Frameworks */ = {isa = PBXBuildFile; fileRef = 0988DFDF1D56D2550081F678 /* CoreTelephony.framework */; };
		0988DFE21D56D2670081F678 /* AVFoundation.framework in Frameworks */ = {isa = PBXBuildFile; fileRef = 0988DFE11D56D2670081F678 /* AVFoundation.framework */; };
		0988DFE41D56D27B0081F678 /* AudioToolbox.framework in Frameworks */ = {isa = PBXBuildFile; fileRef = 0988DFE31D56D27B0081F678 /* AudioToolbox.framework */; };
		0988DFE61D56D2860081F678 /* SystemConfiguration.framework in Frameworks */ = {isa = PBXBuildFile; fileRef = 0988DFE51D56D2860081F678 /* SystemConfiguration.framework */; };
		0988DFE81D56D28F0081F678 /* QuartzCore.framework in Frameworks */ = {isa = PBXBuildFile; fileRef = 0988DFE71D56D28F0081F678 /* QuartzCore.framework */; };
		0988DFEA1D56D2980081F678 /* UIKit.framework in Frameworks */ = {isa = PBXBuildFile; fileRef = 0988DFE91D56D2980081F678 /* UIKit.framework */; };
		0988DFEC1D56D2A10081F678 /* Foundation.framework in Frameworks */ = {isa = PBXBuildFile; fileRef = 0988DFEB1D56D2A10081F678 /* Foundation.framework */; };
		0988DFEE1D56D2A90081F678 /* CoreGraphics.framework in Frameworks */ = {isa = PBXBuildFile; fileRef = 0988DFED1D56D2A90081F678 /* CoreGraphics.framework */; };
		0988DFF01D56D2B60081F678 /* CoreLocation.framework in Frameworks */ = {isa = PBXBuildFile; fileRef = 0988DFEF1D56D2B60081F678 /* CoreLocation.framework */; };
		0988DFF21D56D3D30081F678 /* AddressBook.framework in Frameworks */ = {isa = PBXBuildFile; fileRef = 0988DFF11D56D3D30081F678 /* AddressBook.framework */; };
		0988E0141D56D9650081F678 /* ISEParams.m in Sources */ = {isa = PBXBuildFile; fileRef = 0988DFF81D56D9650081F678 /* ISEParams.m */; };
		0988E0151D56D9650081F678 /* ISESettingViewController.m in Sources */ = {isa = PBXBuildFile; fileRef = 0988DFFA1D56D9650081F678 /* ISESettingViewController.m */; };
		0988E0161D56D9650081F678 /* ISEViewController.m in Sources */ = {isa = PBXBuildFile; fileRef = 0988DFFC1D56D9650081F678 /* ISEViewController.m */; };
		0988E0171D56D9650081F678 /* ISEResult.m in Sources */ = {isa = PBXBuildFile; fileRef = 0988DFFF1D56D9650081F678 /* ISEResult.m */; };
		0988E0181D56D9650081F678 /* ISEResultFinal.m in Sources */ = {isa = PBXBuildFile; fileRef = 0988E0011D56D9650081F678 /* ISEResultFinal.m */; };
		0988E0191D56D9650081F678 /* ISEResultPhone.m in Sources */ = {isa = PBXBuildFile; fileRef = 0988E0031D56D9650081F678 /* ISEResultPhone.m */; };
		0988E01A1D56D9650081F678 /* ISEResultReadSentence.m in Sources */ = {isa = PBXBuildFile; fileRef = 0988E0051D56D9650081F678 /* ISEResultReadSentence.m */; };
		0988E01B1D56D9650081F678 /* ISEResultReadSyllable.m in Sources */ = {isa = PBXBuildFile; fileRef = 0988E0071D56D9650081F678 /* ISEResultReadSyllable.m */; };
		0988E01C1D56D9650081F678 /* ISEResultReadWord.m in Sources */ = {isa = PBXBuildFile; fileRef = 0988E0091D56D9650081F678 /* ISEResultReadWord.m */; };
		0988E01D1D56D9650081F678 /* ISEResultSentence.m in Sources */ = {isa = PBXBuildFile; fileRef = 0988E00B1D56D9650081F678 /* ISEResultSentence.m */; };
		0988E01E1D56D9650081F678 /* ISEResultSyll.m in Sources */ = {isa = PBXBuildFile; fileRef = 0988E00D1D56D9650081F678 /* ISEResultSyll.m */; };
		0988E01F1D56D9650081F678 /* ISEResultTools.m in Sources */ = {isa = PBXBuildFile; fileRef = 0988E00F1D56D9650081F678 /* ISEResultTools.m */; };
		0988E0201D56D9650081F678 /* ISEResultWord.m in Sources */ = {isa = PBXBuildFile; fileRef = 0988E0111D56D9650081F678 /* ISEResultWord.m */; };
		0988E0211D56D9650081F678 /* ISEResultXmlParser.m in Sources */ = {isa = PBXBuildFile; fileRef = 0988E0131D56D9650081F678 /* ISEResultXmlParser.m */; };
		0988E0241D56D9F30081F678 /* PopupView.m in Sources */ = {isa = PBXBuildFile; fileRef = 0988E0231D56D9F30081F678 /* PopupView.m */; };
		0988E0271D56FA430081F678 /* SpeaknowViewController.swift in Sources */ = {isa = PBXBuildFile; fileRef = 0988E0261D56FA430081F678 /* SpeaknowViewController.swift */; };
		0988E02A1D572ED60081F678 /* OralTestingViewController.m in Sources */ = {isa = PBXBuildFile; fileRef = 0988E0291D572ED60081F678 /* OralTestingViewController.m */; };
		099CB2DB1DBF031A00924CC2 /* FeedbackViewController.swift in Sources */ = {isa = PBXBuildFile; fileRef = 09D4A3161DBF00F9006BCAF3 /* FeedbackViewController.swift */; };
		099CB2DD1DBF30DC00924CC2 /* FakeVCs.swift in Sources */ = {isa = PBXBuildFile; fileRef = 099CB2DC1DBF30DC00924CC2 /* FakeVCs.swift */; };
		09AA34B71D5988DE005E7558 /* AlamofireWrapper.swift in Sources */ = {isa = PBXBuildFile; fileRef = 09AA34B61D5988DE005E7558 /* AlamofireWrapper.swift */; };
		09B9386B1DBE688B00CA5A3F /* CopyLabel.swift in Sources */ = {isa = PBXBuildFile; fileRef = 09B9386A1DBE688B00CA5A3F /* CopyLabel.swift */; };
		09CAB9431CCFB1D60077FBE3 /* ListenDataDetailViewController.swift in Sources */ = {isa = PBXBuildFile; fileRef = 09CAB9421CCFB1D60077FBE3 /* ListenDataDetailViewController.swift */; };
		09CAB9451CCFB4950077FBE3 /* ListenTabBar.swift in Sources */ = {isa = PBXBuildFile; fileRef = 09CAB9441CCFB4950077FBE3 /* ListenTabBar.swift */; };
		5823FDD04931F5E555C7979F /* Pods_SpeakNow.framework in Frameworks */ = {isa = PBXBuildFile; fileRef = 04CC6C5E2F8126E3F6EA3D22 /* Pods_SpeakNow.framework */; };
/* End PBXBuildFile section */

/* Begin PBXContainerItemProxy section */
		0927EDA71CC0A7D7000AB5C3 /* PBXContainerItemProxy */ = {
			isa = PBXContainerItemProxy;
			containerPortal = 0927ED871CC0A7D7000AB5C3 /* Project object */;
			proxyType = 1;
			remoteGlobalIDString = 0927ED8E1CC0A7D7000AB5C3;
			remoteInfo = SpeakNow;
		};
		0927EDB21CC0A7D7000AB5C3 /* PBXContainerItemProxy */ = {
			isa = PBXContainerItemProxy;
			containerPortal = 0927ED871CC0A7D7000AB5C3 /* Project object */;
			proxyType = 1;
			remoteGlobalIDString = 0927ED8E1CC0A7D7000AB5C3;
			remoteInfo = SpeakNow;
		};
/* End PBXContainerItemProxy section */

/* Begin PBXFileReference section */
		04CC6C5E2F8126E3F6EA3D22 /* Pods_SpeakNow.framework */ = {isa = PBXFileReference; explicitFileType = wrapper.framework; includeInIndex = 0; path = Pods_SpeakNow.framework; sourceTree = BUILT_PRODUCTS_DIR; };
		0908A4E31DB52C4A00CFC48D /* SpeakNow.entitlements */ = {isa = PBXFileReference; lastKnownFileType = text.plist.entitlements; path = SpeakNow.entitlements; sourceTree = "<group>"; };
		091148121DB66854004FB5FA /* VoiceInputViewController.swift */ = {isa = PBXFileReference; fileEncoding = 4; lastKnownFileType = sourcecode.swift; name = VoiceInputViewController.swift; path = message/VoiceInputViewController.swift; sourceTree = "<group>"; };
		091148131DB66854004FB5FA /* VoiceInputViewController.xib */ = {isa = PBXFileReference; fileEncoding = 4; lastKnownFileType = file.xib; name = VoiceInputViewController.xib; path = message/VoiceInputViewController.xib; sourceTree = "<group>"; };
		091875B91CC2218C0084F9B4 /* Information.swift */ = {isa = PBXFileReference; fileEncoding = 4; lastKnownFileType = sourcecode.swift; path = Information.swift; sourceTree = "<group>"; };
		091875BC1CC2235F0084F9B4 /* ListeningPracticeVC.swift */ = {isa = PBXFileReference; fileEncoding = 4; lastKnownFileType = sourcecode.swift; name = ListeningPracticeVC.swift; path = Prctice/ListeningPracticeVC.swift; sourceTree = "<group>"; };
		0927ED8F1CC0A7D7000AB5C3 /* SpeakNow.app */ = {isa = PBXFileReference; explicitFileType = wrapper.application; includeInIndex = 0; path = SpeakNow.app; sourceTree = BUILT_PRODUCTS_DIR; };
		0927ED921CC0A7D7000AB5C3 /* AppDelegate.swift */ = {isa = PBXFileReference; lastKnownFileType = sourcecode.swift; path = AppDelegate.swift; sourceTree = "<group>"; };
		0927ED941CC0A7D7000AB5C3 /* LoginViewController.swift */ = {isa = PBXFileReference; lastKnownFileType = sourcecode.swift; path = LoginViewController.swift; sourceTree = "<group>"; };
		0927ED971CC0A7D7000AB5C3 /* Base */ = {isa = PBXFileReference; lastKnownFileType = file.storyboard; name = Base; path = Base.lproj/Main.storyboard; sourceTree = "<group>"; };
		0927ED9A1CC0A7D7000AB5C3 /* SpeakNow.xcdatamodel */ = {isa = PBXFileReference; lastKnownFileType = wrapper.xcdatamodel; path = SpeakNow.xcdatamodel; sourceTree = "<group>"; };
		0927ED9C1CC0A7D7000AB5C3 /* Assets.xcassets */ = {isa = PBXFileReference; lastKnownFileType = folder.assetcatalog; path = Assets.xcassets; sourceTree = "<group>"; };
		0927ED9F1CC0A7D7000AB5C3 /* Base */ = {isa = PBXFileReference; lastKnownFileType = file.storyboard; name = Base; path = Base.lproj/LaunchScreen.storyboard; sourceTree = "<group>"; };
		0927EDA11CC0A7D7000AB5C3 /* Info.plist */ = {isa = PBXFileReference; lastKnownFileType = text.plist.xml; path = Info.plist; sourceTree = "<group>"; };
		0927EDA61CC0A7D7000AB5C3 /* SpeakNowTests.xctest */ = {isa = PBXFileReference; explicitFileType = wrapper.cfbundle; includeInIndex = 0; path = SpeakNowTests.xctest; sourceTree = BUILT_PRODUCTS_DIR; };
		0927EDAA1CC0A7D7000AB5C3 /* SpeakNowTests.swift */ = {isa = PBXFileReference; lastKnownFileType = sourcecode.swift; path = SpeakNowTests.swift; sourceTree = "<group>"; };
		0927EDAC1CC0A7D7000AB5C3 /* Info.plist */ = {isa = PBXFileReference; lastKnownFileType = text.plist.xml; path = Info.plist; sourceTree = "<group>"; };
		0927EDB11CC0A7D7000AB5C3 /* SpeakNowUITests.xctest */ = {isa = PBXFileReference; explicitFileType = wrapper.cfbundle; includeInIndex = 0; path = SpeakNowUITests.xctest; sourceTree = BUILT_PRODUCTS_DIR; };
		0927EDB51CC0A7D7000AB5C3 /* SpeakNowUITests.swift */ = {isa = PBXFileReference; lastKnownFileType = sourcecode.swift; path = SpeakNowUITests.swift; sourceTree = "<group>"; };
		0927EDB71CC0A7D7000AB5C3 /* Info.plist */ = {isa = PBXFileReference; lastKnownFileType = text.plist.xml; path = Info.plist; sourceTree = "<group>"; };
		092ECEDE1D52DA8E00DB73B9 /* SpeakNow-Bridging-Header.h */ = {isa = PBXFileReference; lastKnownFileType = sourcecode.c.h; path = "SpeakNow-Bridging-Header.h"; sourceTree = "<group>"; };
		092ECEE31D52DAFB00DB73B9 /* MessagerViewController.swift */ = {isa = PBXFileReference; fileEncoding = 4; lastKnownFileType = sourcecode.swift; name = MessagerViewController.swift; path = message/MessagerViewController.swift; sourceTree = "<group>"; };
		092ECEE51D52DCB700DB73B9 /* PreperChatViewController.swift */ = {isa = PBXFileReference; fileEncoding = 4; lastKnownFileType = sourcecode.swift; name = PreperChatViewController.swift; path = message/PreperChatViewController.swift; sourceTree = "<group>"; };
		0946B5061CC0E67200B69970 /* RegisterViewController.swift */ = {isa = PBXFileReference; fileEncoding = 4; lastKnownFileType = sourcecode.swift; path = RegisterViewController.swift; sourceTree = "<group>"; };
		09603A921D38BBBF0083C3C6 /* ListeningViewController.swift */ = {isa = PBXFileReference; fileEncoding = 4; lastKnownFileType = sourcecode.swift; path = ListeningViewController.swift; sourceTree = "<group>"; };
		0965D4A01CC2323C0046AD15 /* PracticeExpandCell.swift */ = {isa = PBXFileReference; fileEncoding = 4; lastKnownFileType = sourcecode.swift; name = PracticeExpandCell.swift; path = Prctice/PracticeExpandCell.swift; sourceTree = "<group>"; };
		0965D4A21CC232840046AD15 /* PracticeExpandCell.xib */ = {isa = PBXFileReference; fileEncoding = 4; lastKnownFileType = file.xib; name = PracticeExpandCell.xib; path = Prctice/PracticeExpandCell.xib; sourceTree = "<group>"; };
		0965D4A41CC242660046AD15 /* Extensions.swift */ = {isa = PBXFileReference; fileEncoding = 4; lastKnownFileType = sourcecode.swift; path = Extensions.swift; sourceTree = "<group>"; };
		09852B8D1D470CFC00B0E749 /* SettingViewController.swift */ = {isa = PBXFileReference; fileEncoding = 4; lastKnownFileType = sourcecode.swift; name = SettingViewController.swift; path = setting/SettingViewController.swift; sourceTree = "<group>"; };
		0988DFDB1D56D2000081F678 /* iflyMSC.framework */ = {isa = PBXFileReference; lastKnownFileType = wrapper.framework; name = iflyMSC.framework; path = SpeakNow/iflyMSC.framework; sourceTree = "<group>"; };
		0988DFDD1D56D23D0081F678 /* libz.tbd */ = {isa = PBXFileReference; lastKnownFileType = "sourcecode.text-based-dylib-definition"; name = libz.tbd; path = usr/lib/libz.tbd; sourceTree = SDKROOT; };
		0988DFDF1D56D2550081F678 /* CoreTelephony.framework */ = {isa = PBXFileReference; lastKnownFileType = wrapper.framework; name = CoreTelephony.framework; path = System/Library/Frameworks/CoreTelephony.framework; sourceTree = SDKROOT; };
		0988DFE11D56D2670081F678 /* AVFoundation.framework */ = {isa = PBXFileReference; lastKnownFileType = wrapper.framework; name = AVFoundation.framework; path = System/Library/Frameworks/AVFoundation.framework; sourceTree = SDKROOT; };
		0988DFE31D56D27B0081F678 /* AudioToolbox.framework */ = {isa = PBXFileReference; lastKnownFileType = wrapper.framework; name = AudioToolbox.framework; path = System/Library/Frameworks/AudioToolbox.framework; sourceTree = SDKROOT; };
		0988DFE51D56D2860081F678 /* SystemConfiguration.framework */ = {isa = PBXFileReference; lastKnownFileType = wrapper.framework; name = SystemConfiguration.framework; path = System/Library/Frameworks/SystemConfiguration.framework; sourceTree = SDKROOT; };
		0988DFE71D56D28F0081F678 /* QuartzCore.framework */ = {isa = PBXFileReference; lastKnownFileType = wrapper.framework; name = QuartzCore.framework; path = System/Library/Frameworks/QuartzCore.framework; sourceTree = SDKROOT; };
		0988DFE91D56D2980081F678 /* UIKit.framework */ = {isa = PBXFileReference; lastKnownFileType = wrapper.framework; name = UIKit.framework; path = System/Library/Frameworks/UIKit.framework; sourceTree = SDKROOT; };
		0988DFEB1D56D2A10081F678 /* Foundation.framework */ = {isa = PBXFileReference; lastKnownFileType = wrapper.framework; name = Foundation.framework; path = System/Library/Frameworks/Foundation.framework; sourceTree = SDKROOT; };
		0988DFED1D56D2A90081F678 /* CoreGraphics.framework */ = {isa = PBXFileReference; lastKnownFileType = wrapper.framework; name = CoreGraphics.framework; path = System/Library/Frameworks/CoreGraphics.framework; sourceTree = SDKROOT; };
		0988DFEF1D56D2B60081F678 /* CoreLocation.framework */ = {isa = PBXFileReference; lastKnownFileType = wrapper.framework; name = CoreLocation.framework; path = System/Library/Frameworks/CoreLocation.framework; sourceTree = SDKROOT; };
		0988DFF11D56D3D30081F678 /* AddressBook.framework */ = {isa = PBXFileReference; lastKnownFileType = wrapper.framework; name = AddressBook.framework; path = System/Library/Frameworks/AddressBook.framework; sourceTree = SDKROOT; };
		0988DFF71D56D9650081F678 /* ISEParams.h */ = {isa = PBXFileReference; fileEncoding = 4; lastKnownFileType = sourcecode.c.h; path = ISEParams.h; sourceTree = "<group>"; };
		0988DFF81D56D9650081F678 /* ISEParams.m */ = {isa = PBXFileReference; fileEncoding = 4; lastKnownFileType = sourcecode.c.objc; path = ISEParams.m; sourceTree = "<group>"; };
		0988DFF91D56D9650081F678 /* ISESettingViewController.h */ = {isa = PBXFileReference; fileEncoding = 4; lastKnownFileType = sourcecode.c.h; path = ISESettingViewController.h; sourceTree = "<group>"; };
		0988DFFA1D56D9650081F678 /* ISESettingViewController.m */ = {isa = PBXFileReference; fileEncoding = 4; lastKnownFileType = sourcecode.c.objc; path = ISESettingViewController.m; sourceTree = "<group>"; };
		0988DFFB1D56D9650081F678 /* ISEViewController.h */ = {isa = PBXFileReference; fileEncoding = 4; lastKnownFileType = sourcecode.c.h; path = ISEViewController.h; sourceTree = "<group>"; };
		0988DFFC1D56D9650081F678 /* ISEViewController.m */ = {isa = PBXFileReference; fileEncoding = 4; lastKnownFileType = sourcecode.c.objc; path = ISEViewController.m; sourceTree = "<group>"; };
		0988DFFE1D56D9650081F678 /* ISEResult.h */ = {isa = PBXFileReference; fileEncoding = 4; lastKnownFileType = sourcecode.c.h; path = ISEResult.h; sourceTree = "<group>"; };
		0988DFFF1D56D9650081F678 /* ISEResult.m */ = {isa = PBXFileReference; fileEncoding = 4; lastKnownFileType = sourcecode.c.objc; path = ISEResult.m; sourceTree = "<group>"; };
		0988E0001D56D9650081F678 /* ISEResultFinal.h */ = {isa = PBXFileReference; fileEncoding = 4; lastKnownFileType = sourcecode.c.h; path = ISEResultFinal.h; sourceTree = "<group>"; };
		0988E0011D56D9650081F678 /* ISEResultFinal.m */ = {isa = PBXFileReference; fileEncoding = 4; lastKnownFileType = sourcecode.c.objc; path = ISEResultFinal.m; sourceTree = "<group>"; };
		0988E0021D56D9650081F678 /* ISEResultPhone.h */ = {isa = PBXFileReference; fileEncoding = 4; lastKnownFileType = sourcecode.c.h; path = ISEResultPhone.h; sourceTree = "<group>"; };
		0988E0031D56D9650081F678 /* ISEResultPhone.m */ = {isa = PBXFileReference; fileEncoding = 4; lastKnownFileType = sourcecode.c.objc; path = ISEResultPhone.m; sourceTree = "<group>"; };
		0988E0041D56D9650081F678 /* ISEResultReadSentence.h */ = {isa = PBXFileReference; fileEncoding = 4; lastKnownFileType = sourcecode.c.h; path = ISEResultReadSentence.h; sourceTree = "<group>"; };
		0988E0051D56D9650081F678 /* ISEResultReadSentence.m */ = {isa = PBXFileReference; fileEncoding = 4; lastKnownFileType = sourcecode.c.objc; path = ISEResultReadSentence.m; sourceTree = "<group>"; };
		0988E0061D56D9650081F678 /* ISEResultReadSyllable.h */ = {isa = PBXFileReference; fileEncoding = 4; lastKnownFileType = sourcecode.c.h; path = ISEResultReadSyllable.h; sourceTree = "<group>"; };
		0988E0071D56D9650081F678 /* ISEResultReadSyllable.m */ = {isa = PBXFileReference; fileEncoding = 4; lastKnownFileType = sourcecode.c.objc; path = ISEResultReadSyllable.m; sourceTree = "<group>"; };
		0988E0081D56D9650081F678 /* ISEResultReadWord.h */ = {isa = PBXFileReference; fileEncoding = 4; lastKnownFileType = sourcecode.c.h; path = ISEResultReadWord.h; sourceTree = "<group>"; };
		0988E0091D56D9650081F678 /* ISEResultReadWord.m */ = {isa = PBXFileReference; fileEncoding = 4; lastKnownFileType = sourcecode.c.objc; path = ISEResultReadWord.m; sourceTree = "<group>"; };
		0988E00A1D56D9650081F678 /* ISEResultSentence.h */ = {isa = PBXFileReference; fileEncoding = 4; lastKnownFileType = sourcecode.c.h; path = ISEResultSentence.h; sourceTree = "<group>"; };
		0988E00B1D56D9650081F678 /* ISEResultSentence.m */ = {isa = PBXFileReference; fileEncoding = 4; lastKnownFileType = sourcecode.c.objc; path = ISEResultSentence.m; sourceTree = "<group>"; };
		0988E00C1D56D9650081F678 /* ISEResultSyll.h */ = {isa = PBXFileReference; fileEncoding = 4; lastKnownFileType = sourcecode.c.h; path = ISEResultSyll.h; sourceTree = "<group>"; };
		0988E00D1D56D9650081F678 /* ISEResultSyll.m */ = {isa = PBXFileReference; fileEncoding = 4; lastKnownFileType = sourcecode.c.objc; path = ISEResultSyll.m; sourceTree = "<group>"; };
		0988E00E1D56D9650081F678 /* ISEResultTools.h */ = {isa = PBXFileReference; fileEncoding = 4; lastKnownFileType = sourcecode.c.h; path = ISEResultTools.h; sourceTree = "<group>"; };
		0988E00F1D56D9650081F678 /* ISEResultTools.m */ = {isa = PBXFileReference; fileEncoding = 4; lastKnownFileType = sourcecode.c.objc; path = ISEResultTools.m; sourceTree = "<group>"; };
		0988E0101D56D9650081F678 /* ISEResultWord.h */ = {isa = PBXFileReference; fileEncoding = 4; lastKnownFileType = sourcecode.c.h; path = ISEResultWord.h; sourceTree = "<group>"; };
		0988E0111D56D9650081F678 /* ISEResultWord.m */ = {isa = PBXFileReference; fileEncoding = 4; lastKnownFileType = sourcecode.c.objc; path = ISEResultWord.m; sourceTree = "<group>"; };
		0988E0121D56D9650081F678 /* ISEResultXmlParser.h */ = {isa = PBXFileReference; fileEncoding = 4; lastKnownFileType = sourcecode.c.h; path = ISEResultXmlParser.h; sourceTree = "<group>"; };
		0988E0131D56D9650081F678 /* ISEResultXmlParser.m */ = {isa = PBXFileReference; fileEncoding = 4; lastKnownFileType = sourcecode.c.objc; path = ISEResultXmlParser.m; sourceTree = "<group>"; };
		0988E0221D56D9F30081F678 /* PopupView.h */ = {isa = PBXFileReference; fileEncoding = 4; lastKnownFileType = sourcecode.c.h; path = PopupView.h; sourceTree = "<group>"; };
		0988E0231D56D9F30081F678 /* PopupView.m */ = {isa = PBXFileReference; fileEncoding = 4; lastKnownFileType = sourcecode.c.objc; path = PopupView.m; sourceTree = "<group>"; };
		0988E0251D56DA2C0081F678 /* Definition.h */ = {isa = PBXFileReference; lastKnownFileType = sourcecode.c.h; path = Definition.h; sourceTree = "<group>"; };
		0988E0261D56FA430081F678 /* SpeaknowViewController.swift */ = {isa = PBXFileReference; fileEncoding = 4; lastKnownFileType = sourcecode.swift; path = SpeaknowViewController.swift; sourceTree = "<group>"; };
		0988E0281D572ED60081F678 /* OralTestingViewController.h */ = {isa = PBXFileReference; fileEncoding = 4; lastKnownFileType = sourcecode.c.h; name = OralTestingViewController.h; path = Oral/OralTestingViewController.h; sourceTree = "<group>"; };
		0988E0291D572ED60081F678 /* OralTestingViewController.m */ = {isa = PBXFileReference; fileEncoding = 4; lastKnownFileType = sourcecode.c.objc; name = OralTestingViewController.m; path = Oral/OralTestingViewController.m; sourceTree = "<group>"; };
		099CB2DC1DBF30DC00924CC2 /* FakeVCs.swift */ = {isa = PBXFileReference; fileEncoding = 4; lastKnownFileType = sourcecode.swift; name = FakeVCs.swift; path = setting/FakeVCs.swift; sourceTree = "<group>"; };
		09AA34B61D5988DE005E7558 /* AlamofireWrapper.swift */ = {isa = PBXFileReference; fileEncoding = 4; lastKnownFileType = sourcecode.swift; path = AlamofireWrapper.swift; sourceTree = "<group>"; };
		09B9386A1DBE688B00CA5A3F /* CopyLabel.swift */ = {isa = PBXFileReference; fileEncoding = 4; lastKnownFileType = sourcecode.swift; name = CopyLabel.swift; path = Prctice/CopyLabel.swift; sourceTree = "<group>"; };
		09CAB9421CCFB1D60077FBE3 /* ListenDataDetailViewController.swift */ = {isa = PBXFileReference; fileEncoding = 4; lastKnownFileType = sourcecode.swift; name = ListenDataDetailViewController.swift; path = Pratice/ListenDataDetailViewController.swift; sourceTree = "<group>"; };
		09CAB9441CCFB4950077FBE3 /* ListenTabBar.swift */ = {isa = PBXFileReference; fileEncoding = 4; lastKnownFileType = sourcecode.swift; name = ListenTabBar.swift; path = Prctice/ListenTabBar.swift; sourceTree = "<group>"; };
		09D4A3161DBF00F9006BCAF3 /* FeedbackViewController.swift */ = {isa = PBXFileReference; fileEncoding = 4; lastKnownFileType = sourcecode.swift; name = FeedbackViewController.swift; path = Prctice/FeedbackViewController.swift; sourceTree = "<group>"; };
		A7CA48303458A64B0DF3FC4D /* Pods-SpeakNow.release.xcconfig */ = {isa = PBXFileReference; includeInIndex = 1; lastKnownFileType = text.xcconfig; name = "Pods-SpeakNow.release.xcconfig"; path = "Pods/Target Support Files/Pods-SpeakNow/Pods-SpeakNow.release.xcconfig"; sourceTree = "<group>"; };
		B314C847AB64C9C343400349 /* Pods.framework */ = {isa = PBXFileReference; explicitFileType = wrapper.framework; includeInIndex = 0; path = Pods.framework; sourceTree = BUILT_PRODUCTS_DIR; };
		C5F2236547FA167C1983D0E6 /* Pods-SpeakNow.debug.xcconfig */ = {isa = PBXFileReference; includeInIndex = 1; lastKnownFileType = text.xcconfig; name = "Pods-SpeakNow.debug.xcconfig"; path = "Pods/Target Support Files/Pods-SpeakNow/Pods-SpeakNow.debug.xcconfig"; sourceTree = "<group>"; };
/* End PBXFileReference section */

/* Begin PBXFrameworksBuildPhase section */
		0927ED8C1CC0A7D7000AB5C3 /* Frameworks */ = {
			isa = PBXFrameworksBuildPhase;
			buildActionMask = 2147483647;
			files = (
				0988DFF21D56D3D30081F678 /* AddressBook.framework in Frameworks */,
				0988DFF01D56D2B60081F678 /* CoreLocation.framework in Frameworks */,
				0988DFEE1D56D2A90081F678 /* CoreGraphics.framework in Frameworks */,
				0988DFEC1D56D2A10081F678 /* Foundation.framework in Frameworks */,
				0988DFEA1D56D2980081F678 /* UIKit.framework in Frameworks */,
				0988DFE81D56D28F0081F678 /* QuartzCore.framework in Frameworks */,
				0988DFE61D56D2860081F678 /* SystemConfiguration.framework in Frameworks */,
				0988DFE41D56D27B0081F678 /* AudioToolbox.framework in Frameworks */,
				0988DFE21D56D2670081F678 /* AVFoundation.framework in Frameworks */,
				0988DFE01D56D2550081F678 /* CoreTelephony.framework in Frameworks */,
				0988DFDE1D56D23D0081F678 /* libz.tbd in Frameworks */,
				0988DFDC1D56D2000081F678 /* iflyMSC.framework in Frameworks */,
				5823FDD04931F5E555C7979F /* Pods_SpeakNow.framework in Frameworks */,
			);
			runOnlyForDeploymentPostprocessing = 0;
		};
		0927EDA31CC0A7D7000AB5C3 /* Frameworks */ = {
			isa = PBXFrameworksBuildPhase;
			buildActionMask = 2147483647;
			files = (
			);
			runOnlyForDeploymentPostprocessing = 0;
		};
		0927EDAE1CC0A7D7000AB5C3 /* Frameworks */ = {
			isa = PBXFrameworksBuildPhase;
			buildActionMask = 2147483647;
			files = (
			);
			runOnlyForDeploymentPostprocessing = 0;
		};
/* End PBXFrameworksBuildPhase section */

/* Begin PBXGroup section */
		091875B81CC220E30084F9B4 /* Model */ = {
			isa = PBXGroup;
			children = (
				091875B91CC2218C0084F9B4 /* Information.swift */,
				09AA34B61D5988DE005E7558 /* AlamofireWrapper.swift */,
				0965D4A41CC242660046AD15 /* Extensions.swift */,
			);
			name = Model;
			sourceTree = "<group>";
		};
		091875BB1CC2231E0084F9B4 /* Practice */ = {
			isa = PBXGroup;
			children = (
				091875BC1CC2235F0084F9B4 /* ListeningPracticeVC.swift */,
				0965D4A01CC2323C0046AD15 /* PracticeExpandCell.swift */,
				0965D4A21CC232840046AD15 /* PracticeExpandCell.xib */,
				09CAB9421CCFB1D60077FBE3 /* ListenDataDetailViewController.swift */,
				09CAB9441CCFB4950077FBE3 /* ListenTabBar.swift */,
				09603A921D38BBBF0083C3C6 /* ListeningViewController.swift */,
				09B9386A1DBE688B00CA5A3F /* CopyLabel.swift */,
				09D4A3161DBF00F9006BCAF3 /* FeedbackViewController.swift */,
			);
			name = Practice;
			sourceTree = "<group>";
		};
		0927ED861CC0A7D7000AB5C3 = {
			isa = PBXGroup;
			children = (
				0927ED911CC0A7D7000AB5C3 /* SpeakNow */,
				0927EDA91CC0A7D7000AB5C3 /* SpeakNowTests */,
				0927EDB41CC0A7D7000AB5C3 /* SpeakNowUITests */,
				0927ED901CC0A7D7000AB5C3 /* Products */,
				0C87E4AB275F4A6C07548E37 /* Frameworks */,
				A811FF951F40E4BB7116DDDC /* Pods */,
			);
			sourceTree = "<group>";
		};
		0927ED901CC0A7D7000AB5C3 /* Products */ = {
			isa = PBXGroup;
			children = (
				0927ED8F1CC0A7D7000AB5C3 /* SpeakNow.app */,
				0927EDA61CC0A7D7000AB5C3 /* SpeakNowTests.xctest */,
				0927EDB11CC0A7D7000AB5C3 /* SpeakNowUITests.xctest */,
			);
			name = Products;
			sourceTree = "<group>";
		};
		0927ED911CC0A7D7000AB5C3 /* SpeakNow */ = {
			isa = PBXGroup;
			children = (
				0908A4E31DB52C4A00CFC48D /* SpeakNow.entitlements */,
				0988DFF31D56D7790081F678 /* oral */,
				092ECEE21D52DAD600DB73B9 /* message */,
				09852B8C1D470CDE00B0E749 /* Setting */,
				091875BB1CC2231E0084F9B4 /* Practice */,
				091875B81CC220E30084F9B4 /* Model */,
				0927ED921CC0A7D7000AB5C3 /* AppDelegate.swift */,
				0946B5051CC0E50D00B69970 /* Login */,
				0927ED961CC0A7D7000AB5C3 /* Main.storyboard */,
				0927ED9C1CC0A7D7000AB5C3 /* Assets.xcassets */,
				0927ED9E1CC0A7D7000AB5C3 /* LaunchScreen.storyboard */,
				0927EDA11CC0A7D7000AB5C3 /* Info.plist */,
				0927ED991CC0A7D7000AB5C3 /* SpeakNow.xcdatamodeld */,
				092ECEDE1D52DA8E00DB73B9 /* SpeakNow-Bridging-Header.h */,
				0988E0261D56FA430081F678 /* SpeaknowViewController.swift */,
			);
			path = SpeakNow;
			sourceTree = "<group>";
		};
		0927EDA91CC0A7D7000AB5C3 /* SpeakNowTests */ = {
			isa = PBXGroup;
			children = (
				0927EDAA1CC0A7D7000AB5C3 /* SpeakNowTests.swift */,
				0927EDAC1CC0A7D7000AB5C3 /* Info.plist */,
			);
			path = SpeakNowTests;
			sourceTree = "<group>";
		};
		0927EDB41CC0A7D7000AB5C3 /* SpeakNowUITests */ = {
			isa = PBXGroup;
			children = (
				0927EDB51CC0A7D7000AB5C3 /* SpeakNowUITests.swift */,
				0927EDB71CC0A7D7000AB5C3 /* Info.plist */,
			);
			path = SpeakNowUITests;
			sourceTree = "<group>";
		};
		092ECEE21D52DAD600DB73B9 /* message */ = {
			isa = PBXGroup;
			children = (
				092ECEE31D52DAFB00DB73B9 /* MessagerViewController.swift */,
				092ECEE51D52DCB700DB73B9 /* PreperChatViewController.swift */,
				091148121DB66854004FB5FA /* VoiceInputViewController.swift */,
				091148131DB66854004FB5FA /* VoiceInputViewController.xib */,
			);
			name = message;
			sourceTree = "<group>";
		};
		0946B5051CC0E50D00B69970 /* Login */ = {
			isa = PBXGroup;
			children = (
				0927ED941CC0A7D7000AB5C3 /* LoginViewController.swift */,
				0946B5061CC0E67200B69970 /* RegisterViewController.swift */,
			);
			name = Login;
			sourceTree = "<group>";
		};
		09852B8C1D470CDE00B0E749 /* Setting */ = {
			isa = PBXGroup;
			children = (
				09852B8D1D470CFC00B0E749 /* SettingViewController.swift */,
				099CB2DC1DBF30DC00924CC2 /* FakeVCs.swift */,
			);
			name = Setting;
			sourceTree = "<group>";
		};
		0988DFF31D56D7790081F678 /* oral */ = {
			isa = PBXGroup;
			children = (
				0988DFF61D56D9650081F678 /* ise */,
				0988E0281D572ED60081F678 /* OralTestingViewController.h */,
				0988E0291D572ED60081F678 /* OralTestingViewController.m */,
			);
			name = oral;
			sourceTree = "<group>";
		};
		0988DFF61D56D9650081F678 /* ise */ = {
			isa = PBXGroup;
			children = (
				0988E0251D56DA2C0081F678 /* Definition.h */,
				0988E0221D56D9F30081F678 /* PopupView.h */,
				0988E0231D56D9F30081F678 /* PopupView.m */,
				0988DFF71D56D9650081F678 /* ISEParams.h */,
				0988DFF81D56D9650081F678 /* ISEParams.m */,
				0988DFF91D56D9650081F678 /* ISESettingViewController.h */,
				0988DFFA1D56D9650081F678 /* ISESettingViewController.m */,
				0988DFFB1D56D9650081F678 /* ISEViewController.h */,
				0988DFFC1D56D9650081F678 /* ISEViewController.m */,
				0988DFFD1D56D9650081F678 /* Results */,
			);
			path = ise;
			sourceTree = "<group>";
		};
		0988DFFD1D56D9650081F678 /* Results */ = {
			isa = PBXGroup;
			children = (
				0988DFFE1D56D9650081F678 /* ISEResult.h */,
				0988DFFF1D56D9650081F678 /* ISEResult.m */,
				0988E0001D56D9650081F678 /* ISEResultFinal.h */,
				0988E0011D56D9650081F678 /* ISEResultFinal.m */,
				0988E0021D56D9650081F678 /* ISEResultPhone.h */,
				0988E0031D56D9650081F678 /* ISEResultPhone.m */,
				0988E0041D56D9650081F678 /* ISEResultReadSentence.h */,
				0988E0051D56D9650081F678 /* ISEResultReadSentence.m */,
				0988E0061D56D9650081F678 /* ISEResultReadSyllable.h */,
				0988E0071D56D9650081F678 /* ISEResultReadSyllable.m */,
				0988E0081D56D9650081F678 /* ISEResultReadWord.h */,
				0988E0091D56D9650081F678 /* ISEResultReadWord.m */,
				0988E00A1D56D9650081F678 /* ISEResultSentence.h */,
				0988E00B1D56D9650081F678 /* ISEResultSentence.m */,
				0988E00C1D56D9650081F678 /* ISEResultSyll.h */,
				0988E00D1D56D9650081F678 /* ISEResultSyll.m */,
				0988E00E1D56D9650081F678 /* ISEResultTools.h */,
				0988E00F1D56D9650081F678 /* ISEResultTools.m */,
				0988E0101D56D9650081F678 /* ISEResultWord.h */,
				0988E0111D56D9650081F678 /* ISEResultWord.m */,
				0988E0121D56D9650081F678 /* ISEResultXmlParser.h */,
				0988E0131D56D9650081F678 /* ISEResultXmlParser.m */,
			);
			path = Results;
			sourceTree = "<group>";
		};
		0C87E4AB275F4A6C07548E37 /* Frameworks */ = {
			isa = PBXGroup;
			children = (
				0988DFF11D56D3D30081F678 /* AddressBook.framework */,
				0988DFEF1D56D2B60081F678 /* CoreLocation.framework */,
				0988DFED1D56D2A90081F678 /* CoreGraphics.framework */,
				0988DFEB1D56D2A10081F678 /* Foundation.framework */,
				0988DFE91D56D2980081F678 /* UIKit.framework */,
				0988DFE71D56D28F0081F678 /* QuartzCore.framework */,
				0988DFE51D56D2860081F678 /* SystemConfiguration.framework */,
				0988DFE31D56D27B0081F678 /* AudioToolbox.framework */,
				0988DFE11D56D2670081F678 /* AVFoundation.framework */,
				0988DFDF1D56D2550081F678 /* CoreTelephony.framework */,
				0988DFDD1D56D23D0081F678 /* libz.tbd */,
				0988DFDB1D56D2000081F678 /* iflyMSC.framework */,
				B314C847AB64C9C343400349 /* Pods.framework */,
				04CC6C5E2F8126E3F6EA3D22 /* Pods_SpeakNow.framework */,
			);
			name = Frameworks;
			sourceTree = "<group>";
		};
		A811FF951F40E4BB7116DDDC /* Pods */ = {
			isa = PBXGroup;
			children = (
				C5F2236547FA167C1983D0E6 /* Pods-SpeakNow.debug.xcconfig */,
				A7CA48303458A64B0DF3FC4D /* Pods-SpeakNow.release.xcconfig */,
			);
			name = Pods;
			sourceTree = "<group>";
		};
/* End PBXGroup section */

/* Begin PBXNativeTarget section */
		0927ED8E1CC0A7D7000AB5C3 /* SpeakNow */ = {
			isa = PBXNativeTarget;
			buildConfigurationList = 0927EDBA1CC0A7D7000AB5C3 /* Build configuration list for PBXNativeTarget "SpeakNow" */;
			buildPhases = (
				FC0595A8C7862815C041A97B /* [CP] Check Pods Manifest.lock */,
				0927ED8B1CC0A7D7000AB5C3 /* Sources */,
				0927ED8C1CC0A7D7000AB5C3 /* Frameworks */,
				0927ED8D1CC0A7D7000AB5C3 /* Resources */,
				01D4A3AA998464ABAE9AA6E7 /* [CP] Embed Pods Frameworks */,
				307D246997AC4E2607642607 /* [CP] Copy Pods Resources */,
			);
			buildRules = (
			);
			dependencies = (
			);
			name = SpeakNow;
			productName = SpeakNow;
			productReference = 0927ED8F1CC0A7D7000AB5C3 /* SpeakNow.app */;
			productType = "com.apple.product-type.application";
		};
		0927EDA51CC0A7D7000AB5C3 /* SpeakNowTests */ = {
			isa = PBXNativeTarget;
			buildConfigurationList = 0927EDBD1CC0A7D7000AB5C3 /* Build configuration list for PBXNativeTarget "SpeakNowTests" */;
			buildPhases = (
				0927EDA21CC0A7D7000AB5C3 /* Sources */,
				0927EDA31CC0A7D7000AB5C3 /* Frameworks */,
				0927EDA41CC0A7D7000AB5C3 /* Resources */,
			);
			buildRules = (
			);
			dependencies = (
				0927EDA81CC0A7D7000AB5C3 /* PBXTargetDependency */,
			);
			name = SpeakNowTests;
			productName = SpeakNowTests;
			productReference = 0927EDA61CC0A7D7000AB5C3 /* SpeakNowTests.xctest */;
			productType = "com.apple.product-type.bundle.unit-test";
		};
		0927EDB01CC0A7D7000AB5C3 /* SpeakNowUITests */ = {
			isa = PBXNativeTarget;
			buildConfigurationList = 0927EDC01CC0A7D7000AB5C3 /* Build configuration list for PBXNativeTarget "SpeakNowUITests" */;
			buildPhases = (
				0927EDAD1CC0A7D7000AB5C3 /* Sources */,
				0927EDAE1CC0A7D7000AB5C3 /* Frameworks */,
				0927EDAF1CC0A7D7000AB5C3 /* Resources */,
			);
			buildRules = (
			);
			dependencies = (
				0927EDB31CC0A7D7000AB5C3 /* PBXTargetDependency */,
			);
			name = SpeakNowUITests;
			productName = SpeakNowUITests;
			productReference = 0927EDB11CC0A7D7000AB5C3 /* SpeakNowUITests.xctest */;
			productType = "com.apple.product-type.bundle.ui-testing";
		};
/* End PBXNativeTarget section */

/* Begin PBXProject section */
		0927ED871CC0A7D7000AB5C3 /* Project object */ = {
			isa = PBXProject;
			attributes = {
				LastSwiftUpdateCheck = 0730;
				LastUpgradeCheck = 0800;
				ORGANIZATIONNAME = cccfl;
				TargetAttributes = {
					0927ED8E1CC0A7D7000AB5C3 = {
						CreatedOnToolsVersion = 7.3;
						DevelopmentTeam = VS34895XT6;
						LastSwiftMigration = 0800;
						SystemCapabilities = {
							com.apple.Keychain = {
								enabled = 1;
							};
						};
					};
					0927EDA51CC0A7D7000AB5C3 = {
						CreatedOnToolsVersion = 7.3;
						DevelopmentTeam = PLN78VXB7A;
						TestTargetID = 0927ED8E1CC0A7D7000AB5C3;
					};
					0927EDB01CC0A7D7000AB5C3 = {
						CreatedOnToolsVersion = 7.3;
						DevelopmentTeam = PLN78VXB7A;
						TestTargetID = 0927ED8E1CC0A7D7000AB5C3;
					};
				};
			};
			buildConfigurationList = 0927ED8A1CC0A7D7000AB5C3 /* Build configuration list for PBXProject "SpeakNow" */;
			compatibilityVersion = "Xcode 3.2";
			developmentRegion = English;
			hasScannedForEncodings = 0;
			knownRegions = (
				en,
				Base,
			);
			mainGroup = 0927ED861CC0A7D7000AB5C3;
			productRefGroup = 0927ED901CC0A7D7000AB5C3 /* Products */;
			projectDirPath = "";
			projectRoot = "";
			targets = (
				0927ED8E1CC0A7D7000AB5C3 /* SpeakNow */,
				0927EDA51CC0A7D7000AB5C3 /* SpeakNowTests */,
				0927EDB01CC0A7D7000AB5C3 /* SpeakNowUITests */,
			);
		};
/* End PBXProject section */

/* Begin PBXResourcesBuildPhase section */
		0927ED8D1CC0A7D7000AB5C3 /* Resources */ = {
			isa = PBXResourcesBuildPhase;
			buildActionMask = 2147483647;
			files = (
				0927EDA01CC0A7D7000AB5C3 /* LaunchScreen.storyboard in Resources */,
				0927ED9D1CC0A7D7000AB5C3 /* Assets.xcassets in Resources */,
				0965D4A31CC232840046AD15 /* PracticeExpandCell.xib in Resources */,
				0927ED981CC0A7D7000AB5C3 /* Main.storyboard in Resources */,
				091148151DB66854004FB5FA /* VoiceInputViewController.xib in Resources */,
			);
			runOnlyForDeploymentPostprocessing = 0;
		};
		0927EDA41CC0A7D7000AB5C3 /* Resources */ = {
			isa = PBXResourcesBuildPhase;
			buildActionMask = 2147483647;
			files = (
			);
			runOnlyForDeploymentPostprocessing = 0;
		};
		0927EDAF1CC0A7D7000AB5C3 /* Resources */ = {
			isa = PBXResourcesBuildPhase;
			buildActionMask = 2147483647;
			files = (
			);
			runOnlyForDeploymentPostprocessing = 0;
		};
/* End PBXResourcesBuildPhase section */

/* Begin PBXShellScriptBuildPhase section */
		01D4A3AA998464ABAE9AA6E7 /* [CP] Embed Pods Frameworks */ = {
			isa = PBXShellScriptBuildPhase;
			buildActionMask = 2147483647;
			files = (
			);
			inputPaths = (
			);
			name = "[CP] Embed Pods Frameworks";
			outputPaths = (
			);
			runOnlyForDeploymentPostprocessing = 0;
			shellPath = /bin/sh;
			shellScript = "\"${SRCROOT}/Pods/Target Support Files/Pods-SpeakNow/Pods-SpeakNow-frameworks.sh\"\n";
			showEnvVarsInLog = 0;
		};
		307D246997AC4E2607642607 /* [CP] Copy Pods Resources */ = {
			isa = PBXShellScriptBuildPhase;
			buildActionMask = 2147483647;
			files = (
			);
			inputPaths = (
			);
			name = "[CP] Copy Pods Resources";
			outputPaths = (
			);
			runOnlyForDeploymentPostprocessing = 0;
			shellPath = /bin/sh;
			shellScript = "\"${SRCROOT}/Pods/Target Support Files/Pods-SpeakNow/Pods-SpeakNow-resources.sh\"\n";
			showEnvVarsInLog = 0;
		};
		FC0595A8C7862815C041A97B /* [CP] Check Pods Manifest.lock */ = {
			isa = PBXShellScriptBuildPhase;
			buildActionMask = 2147483647;
			files = (
			);
			inputPaths = (
			);
			name = "[CP] Check Pods Manifest.lock";
			outputPaths = (
			);
			runOnlyForDeploymentPostprocessing = 0;
			shellPath = /bin/sh;
			shellScript = "diff \"${PODS_ROOT}/../Podfile.lock\" \"${PODS_ROOT}/Manifest.lock\" > /dev/null\nif [ $? != 0 ] ; then\n    # print error to STDERR\n    echo \"error: The sandbox is not in sync with the Podfile.lock. Run 'pod install' or update your CocoaPods installation.\" >&2\n    exit 1\nfi\n";
			showEnvVarsInLog = 0;
		};
/* End PBXShellScriptBuildPhase section */

/* Begin PBXSourcesBuildPhase section */
		0927ED8B1CC0A7D7000AB5C3 /* Sources */ = {
			isa = PBXSourcesBuildPhase;
			buildActionMask = 2147483647;
			files = (
				0988E01E1D56D9650081F678 /* ISEResultSyll.m in Sources */,
				09B9386B1DBE688B00CA5A3F /* CopyLabel.swift in Sources */,
				0988E0171D56D9650081F678 /* ISEResult.m in Sources */,
				099CB2DB1DBF031A00924CC2 /* FeedbackViewController.swift in Sources */,
				09AA34B71D5988DE005E7558 /* AlamofireWrapper.swift in Sources */,
				0988E01A1D56D9650081F678 /* ISEResultReadSentence.m in Sources */,
				0927ED951CC0A7D7000AB5C3 /* LoginViewController.swift in Sources */,
				0988E0271D56FA430081F678 /* SpeaknowViewController.swift in Sources */,
				091875BD1CC2235F0084F9B4 /* ListeningPracticeVC.swift in Sources */,
				0927ED931CC0A7D7000AB5C3 /* AppDelegate.swift in Sources */,
				0965D4A51CC242660046AD15 /* Extensions.swift in Sources */,
				0988E01C1D56D9650081F678 /* ISEResultReadWord.m in Sources */,
				092ECEE41D52DAFB00DB73B9 /* MessagerViewController.swift in Sources */,
				0988E0241D56D9F30081F678 /* PopupView.m in Sources */,
				0988E01D1D56D9650081F678 /* ISEResultSentence.m in Sources */,
				0965D4A11CC2323C0046AD15 /* PracticeExpandCell.swift in Sources */,
				0988E0211D56D9650081F678 /* ISEResultXmlParser.m in Sources */,
				0988E01B1D56D9650081F678 /* ISEResultReadSyllable.m in Sources */,
				0988E0161D56D9650081F678 /* ISEViewController.m in Sources */,
				099CB2DD1DBF30DC00924CC2 /* FakeVCs.swift in Sources */,
				092ECEE61D52DCB700DB73B9 /* PreperChatViewController.swift in Sources */,
				0927ED9B1CC0A7D7000AB5C3 /* SpeakNow.xcdatamodeld in Sources */,
				09CAB9451CCFB4950077FBE3 /* ListenTabBar.swift in Sources */,
				091875BA1CC2218C0084F9B4 /* Information.swift in Sources */,
				0988E01F1D56D9650081F678 /* ISEResultTools.m in Sources */,
				0988E0201D56D9650081F678 /* ISEResultWord.m in Sources */,
				0988E02A1D572ED60081F678 /* OralTestingViewController.m in Sources */,
				09CAB9431CCFB1D60077FBE3 /* ListenDataDetailViewController.swift in Sources */,
				091148141DB66854004FB5FA /* VoiceInputViewController.swift in Sources */,
				0988E0191D56D9650081F678 /* ISEResultPhone.m in Sources */,
				0988E0181D56D9650081F678 /* ISEResultFinal.m in Sources */,
				0988E0141D56D9650081F678 /* ISEParams.m in Sources */,
				09603A931D38BBBF0083C3C6 /* ListeningViewController.swift in Sources */,
				0946B5071CC0E67200B69970 /* RegisterViewController.swift in Sources */,
				09852B8E1D470CFC00B0E749 /* SettingViewController.swift in Sources */,
				0988E0151D56D9650081F678 /* ISESettingViewController.m in Sources */,
			);
			runOnlyForDeploymentPostprocessing = 0;
		};
		0927EDA21CC0A7D7000AB5C3 /* Sources */ = {
			isa = PBXSourcesBuildPhase;
			buildActionMask = 2147483647;
			files = (
				0927EDAB1CC0A7D7000AB5C3 /* SpeakNowTests.swift in Sources */,
			);
			runOnlyForDeploymentPostprocessing = 0;
		};
		0927EDAD1CC0A7D7000AB5C3 /* Sources */ = {
			isa = PBXSourcesBuildPhase;
			buildActionMask = 2147483647;
			files = (
				0927EDB61CC0A7D7000AB5C3 /* SpeakNowUITests.swift in Sources */,
			);
			runOnlyForDeploymentPostprocessing = 0;
		};
/* End PBXSourcesBuildPhase section */

/* Begin PBXTargetDependency section */
		0927EDA81CC0A7D7000AB5C3 /* PBXTargetDependency */ = {
			isa = PBXTargetDependency;
			target = 0927ED8E1CC0A7D7000AB5C3 /* SpeakNow */;
			targetProxy = 0927EDA71CC0A7D7000AB5C3 /* PBXContainerItemProxy */;
		};
		0927EDB31CC0A7D7000AB5C3 /* PBXTargetDependency */ = {
			isa = PBXTargetDependency;
			target = 0927ED8E1CC0A7D7000AB5C3 /* SpeakNow */;
			targetProxy = 0927EDB21CC0A7D7000AB5C3 /* PBXContainerItemProxy */;
		};
/* End PBXTargetDependency section */

/* Begin PBXVariantGroup section */
		0927ED961CC0A7D7000AB5C3 /* Main.storyboard */ = {
			isa = PBXVariantGroup;
			children = (
				0927ED971CC0A7D7000AB5C3 /* Base */,
			);
			name = Main.storyboard;
			sourceTree = "<group>";
		};
		0927ED9E1CC0A7D7000AB5C3 /* LaunchScreen.storyboard */ = {
			isa = PBXVariantGroup;
			children = (
				0927ED9F1CC0A7D7000AB5C3 /* Base */,
			);
			name = LaunchScreen.storyboard;
			sourceTree = "<group>";
		};
/* End PBXVariantGroup section */

/* Begin XCBuildConfiguration section */
		0927EDB81CC0A7D7000AB5C3 /* Debug */ = {
			isa = XCBuildConfiguration;
			buildSettings = {
				ALWAYS_SEARCH_USER_PATHS = NO;
				CLANG_ANALYZER_NONNULL = YES;
				CLANG_CXX_LANGUAGE_STANDARD = "gnu++0x";
				CLANG_CXX_LIBRARY = "libc++";
				CLANG_ENABLE_MODULES = YES;
				CLANG_ENABLE_OBJC_ARC = YES;
				CLANG_WARN_BOOL_CONVERSION = YES;
				CLANG_WARN_CONSTANT_CONVERSION = YES;
				CLANG_WARN_DIRECT_OBJC_ISA_USAGE = YES_ERROR;
				CLANG_WARN_EMPTY_BODY = YES;
				CLANG_WARN_ENUM_CONVERSION = YES;
				CLANG_WARN_INFINITE_RECURSION = YES;
				CLANG_WARN_INT_CONVERSION = YES;
				CLANG_WARN_OBJC_ROOT_CLASS = YES_ERROR;
				CLANG_WARN_SUSPICIOUS_MOVE = YES;
				CLANG_WARN_UNREACHABLE_CODE = YES;
				CLANG_WARN__DUPLICATE_METHOD_MATCH = YES;
				"CODE_SIGN_IDENTITY[sdk=iphoneos*]" = "iPhone Developer";
				COPY_PHASE_STRIP = NO;
				DEBUG_INFORMATION_FORMAT = dwarf;
				ENABLE_STRICT_OBJC_MSGSEND = YES;
				ENABLE_TESTABILITY = YES;
				GCC_C_LANGUAGE_STANDARD = gnu99;
				GCC_DYNAMIC_NO_PIC = NO;
				GCC_NO_COMMON_BLOCKS = YES;
				GCC_OPTIMIZATION_LEVEL = 0;
				GCC_PREPROCESSOR_DEFINITIONS = (
					"DEBUG=1",
					"$(inherited)",
				);
				GCC_WARN_64_TO_32_BIT_CONVERSION = YES;
				GCC_WARN_ABOUT_RETURN_TYPE = YES_ERROR;
				GCC_WARN_UNDECLARED_SELECTOR = YES;
				GCC_WARN_UNINITIALIZED_AUTOS = YES_AGGRESSIVE;
				GCC_WARN_UNUSED_FUNCTION = YES;
				GCC_WARN_UNUSED_VARIABLE = YES;
				IPHONEOS_DEPLOYMENT_TARGET = 9.3;
				MTL_ENABLE_DEBUG_INFO = YES;
				ONLY_ACTIVE_ARCH = YES;
				SDKROOT = iphoneos;
				SWIFT_OPTIMIZATION_LEVEL = "-Onone";
				SWIFT_VERSION = 2.3;
			};
			name = Debug;
		};
		0927EDB91CC0A7D7000AB5C3 /* Release */ = {
			isa = XCBuildConfiguration;
			buildSettings = {
				ALWAYS_SEARCH_USER_PATHS = NO;
				CLANG_ANALYZER_NONNULL = YES;
				CLANG_CXX_LANGUAGE_STANDARD = "gnu++0x";
				CLANG_CXX_LIBRARY = "libc++";
				CLANG_ENABLE_MODULES = YES;
				CLANG_ENABLE_OBJC_ARC = YES;
				CLANG_WARN_BOOL_CONVERSION = YES;
				CLANG_WARN_CONSTANT_CONVERSION = YES;
				CLANG_WARN_DIRECT_OBJC_ISA_USAGE = YES_ERROR;
				CLANG_WARN_EMPTY_BODY = YES;
				CLANG_WARN_ENUM_CONVERSION = YES;
				CLANG_WARN_INFINITE_RECURSION = YES;
				CLANG_WARN_INT_CONVERSION = YES;
				CLANG_WARN_OBJC_ROOT_CLASS = YES_ERROR;
				CLANG_WARN_SUSPICIOUS_MOVE = YES;
				CLANG_WARN_UNREACHABLE_CODE = YES;
				CLANG_WARN__DUPLICATE_METHOD_MATCH = YES;
				"CODE_SIGN_IDENTITY[sdk=iphoneos*]" = "iPhone Developer";
				COPY_PHASE_STRIP = NO;
				DEBUG_INFORMATION_FORMAT = "dwarf-with-dsym";
				ENABLE_NS_ASSERTIONS = NO;
				ENABLE_STRICT_OBJC_MSGSEND = YES;
				GCC_C_LANGUAGE_STANDARD = gnu99;
				GCC_NO_COMMON_BLOCKS = YES;
				GCC_WARN_64_TO_32_BIT_CONVERSION = YES;
				GCC_WARN_ABOUT_RETURN_TYPE = YES_ERROR;
				GCC_WARN_UNDECLARED_SELECTOR = YES;
				GCC_WARN_UNINITIALIZED_AUTOS = YES_AGGRESSIVE;
				GCC_WARN_UNUSED_FUNCTION = YES;
				GCC_WARN_UNUSED_VARIABLE = YES;
				IPHONEOS_DEPLOYMENT_TARGET = 9.3;
				MTL_ENABLE_DEBUG_INFO = NO;
				SDKROOT = iphoneos;
				SWIFT_OPTIMIZATION_LEVEL = "-Owholemodule";
				SWIFT_VERSION = 2.3;
				VALIDATE_PRODUCT = YES;
			};
			name = Release;
		};
		0927EDBB1CC0A7D7000AB5C3 /* Debug */ = {
			isa = XCBuildConfiguration;
			baseConfigurationReference = C5F2236547FA167C1983D0E6 /* Pods-SpeakNow.debug.xcconfig */;
			buildSettings = {
				ALWAYS_EMBED_SWIFT_STANDARD_LIBRARIES = YES;
				ASSETCATALOG_COMPILER_APPICON_NAME = AppIcon;
				CLANG_ENABLE_MODULES = YES;
				CODE_SIGN_ENTITLEMENTS = SpeakNow/SpeakNow.entitlements;
				CODE_SIGN_IDENTITY = "iPhone Developer";
				"CODE_SIGN_IDENTITY[sdk=iphoneos*]" = "iPhone Developer";
				DEVELOPMENT_TEAM = VS34895XT6;
				ENABLE_BITCODE = NO;
				FRAMEWORK_SEARCH_PATHS = (
					"$(inherited)",
					"$(PROJECT_DIR)/SpeakNow",
				);
				INFOPLIST_FILE = SpeakNow/Info.plist;
				LD_RUNPATH_SEARCH_PATHS = "$(inherited) @executable_path/Frameworks";
				PRODUCT_BUNDLE_IDENTIFIER = com.yicheng.speaknow;
				PRODUCT_NAME = "$(TARGET_NAME)";
				PROVISIONING_PROFILE = "";
				SWIFT_OBJC_BRIDGING_HEADER = "SpeakNow/SpeakNow-Bridging-Header.h";
				SWIFT_OPTIMIZATION_LEVEL = "-Onone";
				SWIFT_VERSION = 2.3;
			};
			name = Debug;
		};
		0927EDBC1CC0A7D7000AB5C3 /* Release */ = {
			isa = XCBuildConfiguration;
			baseConfigurationReference = A7CA48303458A64B0DF3FC4D /* Pods-SpeakNow.release.xcconfig */;
			buildSettings = {
				ALWAYS_EMBED_SWIFT_STANDARD_LIBRARIES = YES;
				ASSETCATALOG_COMPILER_APPICON_NAME = AppIcon;
				CLANG_ENABLE_MODULES = YES;
				CODE_SIGN_ENTITLEMENTS = SpeakNow/SpeakNow.entitlements;
				CODE_SIGN_IDENTITY = "iPhone Developer";
				"CODE_SIGN_IDENTITY[sdk=iphoneos*]" = "iPhone Developer";
				DEVELOPMENT_TEAM = VS34895XT6;
				ENABLE_BITCODE = NO;
				FRAMEWORK_SEARCH_PATHS = (
					"$(inherited)",
					"$(PROJECT_DIR)/SpeakNow",
				);
				INFOPLIST_FILE = SpeakNow/Info.plist;
				LD_RUNPATH_SEARCH_PATHS = "$(inherited) @executable_path/Frameworks";
				PRODUCT_BUNDLE_IDENTIFIER = com.yicheng.speaknow;
				PRODUCT_NAME = "$(TARGET_NAME)";
				PROVISIONING_PROFILE = "";
				SWIFT_OBJC_BRIDGING_HEADER = "SpeakNow/SpeakNow-Bridging-Header.h";
				SWIFT_VERSION = 2.3;
			};
			name = Release;
		};
		0927EDBE1CC0A7D7000AB5C3 /* Debug */ = {
			isa = XCBuildConfiguration;
			buildSettings = {
				BUNDLE_LOADER = "$(TEST_HOST)";
				INFOPLIST_FILE = SpeakNowTests/Info.plist;
				LD_RUNPATH_SEARCH_PATHS = "$(inherited) @executable_path/Frameworks @loader_path/Frameworks";
				PRODUCT_BUNDLE_IDENTIFIER = com.cccfl.SpeakNowTests;
				PRODUCT_NAME = "$(TARGET_NAME)";
				SWIFT_VERSION = 2.3;
				TEST_HOST = "$(BUILT_PRODUCTS_DIR)/SpeakNow.app/SpeakNow";
			};
			name = Debug;
		};
		0927EDBF1CC0A7D7000AB5C3 /* Release */ = {
			isa = XCBuildConfiguration;
			buildSettings = {
				BUNDLE_LOADER = "$(TEST_HOST)";
				INFOPLIST_FILE = SpeakNowTests/Info.plist;
				LD_RUNPATH_SEARCH_PATHS = "$(inherited) @executable_path/Frameworks @loader_path/Frameworks";
				PRODUCT_BUNDLE_IDENTIFIER = com.cccfl.SpeakNowTests;
				PRODUCT_NAME = "$(TARGET_NAME)";
				SWIFT_VERSION = 2.3;
				TEST_HOST = "$(BUILT_PRODUCTS_DIR)/SpeakNow.app/SpeakNow";
			};
			name = Release;
		};
		0927EDC11CC0A7D7000AB5C3 /* Debug */ = {
			isa = XCBuildConfiguration;
			buildSettings = {
				INFOPLIST_FILE = SpeakNowUITests/Info.plist;
				LD_RUNPATH_SEARCH_PATHS = "$(inherited) @executable_path/Frameworks @loader_path/Frameworks";
				PRODUCT_BUNDLE_IDENTIFIER = com.cccfl.SpeakNowUITests;
				PRODUCT_NAME = "$(TARGET_NAME)";
				SWIFT_VERSION = 2.3;
				TEST_TARGET_NAME = SpeakNow;
			};
			name = Debug;
		};
		0927EDC21CC0A7D7000AB5C3 /* Release */ = {
			isa = XCBuildConfiguration;
			buildSettings = {
				INFOPLIST_FILE = SpeakNowUITests/Info.plist;
				LD_RUNPATH_SEARCH_PATHS = "$(inherited) @executable_path/Frameworks @loader_path/Frameworks";
				PRODUCT_BUNDLE_IDENTIFIER = com.cccfl.SpeakNowUITests;
				PRODUCT_NAME = "$(TARGET_NAME)";
				SWIFT_VERSION = 2.3;
				TEST_TARGET_NAME = SpeakNow;
			};
			name = Release;
		};
/* End XCBuildConfiguration section */

/* Begin XCConfigurationList section */
		0927ED8A1CC0A7D7000AB5C3 /* Build configuration list for PBXProject "SpeakNow" */ = {
			isa = XCConfigurationList;
			buildConfigurations = (
				0927EDB81CC0A7D7000AB5C3 /* Debug */,
				0927EDB91CC0A7D7000AB5C3 /* Release */,
			);
			defaultConfigurationIsVisible = 0;
			defaultConfigurationName = Release;
		};
		0927EDBA1CC0A7D7000AB5C3 /* Build configuration list for PBXNativeTarget "SpeakNow" */ = {
			isa = XCConfigurationList;
			buildConfigurations = (
				0927EDBB1CC0A7D7000AB5C3 /* Debug */,
				0927EDBC1CC0A7D7000AB5C3 /* Release */,
			);
			defaultConfigurationIsVisible = 0;
			defaultConfigurationName = Release;
		};
		0927EDBD1CC0A7D7000AB5C3 /* Build configuration list for PBXNativeTarget "SpeakNowTests" */ = {
			isa = XCConfigurationList;
			buildConfigurations = (
				0927EDBE1CC0A7D7000AB5C3 /* Debug */,
				0927EDBF1CC0A7D7000AB5C3 /* Release */,
			);
			defaultConfigurationIsVisible = 0;
			defaultConfigurationName = Release;
		};
		0927EDC01CC0A7D7000AB5C3 /* Build configuration list for PBXNativeTarget "SpeakNowUITests" */ = {
			isa = XCConfigurationList;
			buildConfigurations = (
				0927EDC11CC0A7D7000AB5C3 /* Debug */,
				0927EDC21CC0A7D7000AB5C3 /* Release */,
			);
			defaultConfigurationIsVisible = 0;
			defaultConfigurationName = Release;
		};
/* End XCConfigurationList section */

/* Begin XCVersionGroup section */
		0927ED991CC0A7D7000AB5C3 /* SpeakNow.xcdatamodeld */ = {
			isa = XCVersionGroup;
			children = (
				0927ED9A1CC0A7D7000AB5C3 /* SpeakNow.xcdatamodel */,
			);
			currentVersion = 0927ED9A1CC0A7D7000AB5C3 /* SpeakNow.xcdatamodel */;
			path = SpeakNow.xcdatamodeld;
			sourceTree = "<group>";
			versionGroupType = wrapper.xcdatamodel;
		};
/* End XCVersionGroup section */
	};
	rootObject = 0927ED871CC0A7D7000AB5C3 /* Project object */;
}
